
Microsoft Visual Studio Solution File, Format Version 12.00
# Visual Studio Version 17
VisualStudioVersion = 17.13.35806.99
MinimumVisualStudioVersion = 10.0.40219.1
Project("{FAE04EC0-301F-11D3-BF4B-00C04F79EFBC}") = "SyllabusManagementApp.Module", "..\SyllabusManagementApp.Module\SyllabusManagementApp.Module.csproj", "{1AC7E7A1-D2A4-BE21-17D4-B5931829862B}"
EndProject
Project("{FAE04EC0-301F-11D3-BF4B-00C04F79EFBC}") = "SyllabusManagementApp.Win", "..\SyllabusManagementApp.Win\SyllabusManagementApp.Win.csproj", "{9C4FA963-C2E9-FA3F-E6EA-DB6D6E03D985}"
EndProject
Project("{FAE04EC0-301F-11D3-BF4B-00C04F79EFBC}") = "SyllabusManagementApp.Blazor.Server", "..\SyllabusManagementApp.Blazor.Server\SyllabusManagementApp.Blazor.Server.csproj", "{AD450A7C-ED15-B98C-9172-B8E9F52A2FF1}"
EndProject
Global
	GlobalSection(SolutionConfigurationPlatforms) = preSolution
		Debug|Any CPU = Debug|Any CPU
		EasyTest|Any CPU = EasyTest|Any CPU
		Release|Any CPU = Release|Any CPU
	EndGlobalSection
	GlobalSection(ProjectConfigurationPlatforms) = postSolution
		{1AC7E7A1-D2A4-BE21-17D4-B5931829862B}.Debug|Any CPU.ActiveCfg = Debug|Any CPU
		{1AC7E7A1-D2A4-BE21-17D4-B5931829862B}.Debug|Any CPU.Build.0 = Debug|Any CPU
		{1AC7E7A1-D2A4-BE21-17D4-B5931829862B}.EasyTest|Any CPU.ActiveCfg = EasyTest|Any CPU
		{1AC7E7A1-D2A4-BE21-17D4-B5931829862B}.EasyTest|Any CPU.Build.0 = EasyTest|Any CPU
		{1AC7E7A1-D2A4-BE21-17D4-B5931829862B}.Release|Any CPU.ActiveCfg = Release|Any CPU
		{1AC7E7A1-D2A4-BE21-17D4-B5931829862B}.Release|Any CPU.Build.0 = Release|Any CPU
		{9C4FA963-C2E9-FA3F-E6EA-DB6D6E03D985}.Debug|Any CPU.ActiveCfg = Debug|Any CPU
		{9C4FA963-C2E9-FA3F-E6EA-DB6D6E03D985}.Debug|Any CPU.Build.0 = Debug|Any CPU
		{9C4FA963-C2E9-FA3F-E6EA-DB6D6E03D985}.EasyTest|Any CPU.ActiveCfg = EasyTest|Any CPU
		{9C4FA963-C2E9-FA3F-E6EA-DB6D6E03D985}.EasyTest|Any CPU.Build.0 = EasyTest|Any CPU
		{9C4FA963-C2E9-FA3F-E6EA-DB6D6E03D985}.Release|Any CPU.ActiveCfg = Release|Any CPU
		{9C4FA963-C2E9-FA3F-E6EA-DB6D6E03D985}.Release|Any CPU.Build.0 = Release|Any CPU
		{AD450A7C-ED15-B98C-9172-B8E9F52A2FF1}.Debug|Any CPU.ActiveCfg = Debug|Any CPU
		{AD450A7C-ED15-B98C-9172-B8E9F52A2FF1}.Debug|Any CPU.Build.0 = Debug|Any CPU
		{AD450A7C-ED15-B98C-9172-B8E9F52A2FF1}.EasyTest|Any CPU.ActiveCfg = EasyTest|Any CPU
		{AD450A7C-ED15-B98C-9172-B8E9F52A2FF1}.EasyTest|Any CPU.Build.0 = EasyTest|Any CPU
		{AD450A7C-ED15-B98C-9172-B8E9F52A2FF1}.Release|Any CPU.ActiveCfg = Release|Any CPU
		{AD450A7C-ED15-B98C-9172-B8E9F52A2FF1}.Release|Any CPU.Build.0 = Release|Any CPU
	EndGlobalSection
	GlobalSection(SolutionProperties) = preSolution
		HideSolutionNode = FALSE
	EndGlobalSection
EndGlobal
